
Microsoft Visual Studio Solution File, Format Version 12.00
# Visual Studio Version 16
VisualStudioVersion = 16.0.29025.244
MinimumVisualStudioVersion = 10.0.40219.1
Project("{FAE04EC0-301F-11D3-BF4B-00C04F79EFBC}") = "ControlCambios", "ControlCambios\ControlCambios.csproj", "{392FC886-0F22-425C-8B8E-E639F82934DF}"
EndProject
Global
	GlobalSection(SolutionConfigurationPlatforms) = preSolution
		Debug|Any CPU = Debug|Any CPU
		Release|Any CPU = Release|Any CPU
	EndGlobalSection
	GlobalSection(ProjectConfigurationPlatforms) = postSolution
		{392FC886-0F22-425C-8B8E-E639F82934DF}.Debug|Any CPU.ActiveCfg = Debug|Any CPU
		{392FC886-0F22-425C-8B8E-E639F82934DF}.Debug|Any CPU.Build.0 = Debug|Any CPU
		{392FC886-0F22-425C-8B8E-E639F82934DF}.Release|Any CPU.ActiveCfg = Release|Any CPU
		{392FC886-0F22-425C-8B8E-E639F82934DF}.Release|Any CPU.Build.0 = Release|Any CPU
	EndGlobalSection
	GlobalSection(SolutionProperties) = preSolution
		HideSolutionNode = FALSE
	EndGlobalSection
	GlobalSection(ExtensibilityGlobals) = postSolution
		SolutionGuid = {EF9D3876-9CFF-42D2-8FDE-0492AA65CA7C}
	EndGlobalSection
EndGlobal
